
Microsoft Visual Studio Solution File, Format Version 12.00
# Visual Studio Version 17
VisualStudioVersion = 17.0.31903.59
MinimumVisualStudioVersion = 10.0.40219.1
Project("{2150E333-8FDC-42A3-9474-1A3956D46DE8}") = "src", "src", "{827E0CD3-B72D-47B6-A68D-7590B98EB39B}"
EndProject
Project("{FAE04EC0-301F-11D3-BF4B-00C04F79EFBC}") = "SharpSocketIO.EngineIo.Parser", "src\SharpSocketIO.EngineIo.Parser\SharpSocketIO.EngineIo.Parser.csproj", "{365F8D48-0E41-40A9-9569-A81FDCAB8182}"
EndProject
Project("{2150E333-8FDC-42A3-9474-1A3956D46DE8}") = "tests", "tests", "{0AB3BF05-4346-4AA6-1389-037BE0695223}"
EndProject
Project("{FAE04EC0-301F-11D3-BF4B-00C04F79EFBC}") = "SharpSocketIO.EngineIo.Parser.Tests", "tests\SharpSocketIO.EngineIo.Parser.Tests\SharpSocketIO.EngineIo.Parser.Tests.csproj", "{53880B98-E02B-4496-88BE-CE2856B0B039}"
EndProject
Project("{FAE04EC0-301F-11D3-BF4B-00C04F79EFBC}") = "SharpSocketIO.ComponentEmitter", "src\SharpSocketIO.ComponentEmitter\SharpSocketIO.ComponentEmitter.csproj", "{9E649B37-30E8-4942-856B-06AC1F5B9E85}"
EndProject
Project("{FAE04EC0-301F-11D3-BF4B-00C04F79EFBC}") = "SharpSocketIO.ComponentEmitter.Tests", "tests\SharpSocketIO.ComponentEmitter.Tests\SharpSocketIO.ComponentEmitter.Tests.csproj", "{1FE95A37-58D9-485B-8018-6B991B15A1E4}"
EndProject
Project("{FAE04EC0-301F-11D3-BF4B-00C04F79EFBC}") = "SharpSocketIO.SocketIo.Parser", "src\SharpSocketIO.SocketIo.Parser\SharpSocketIO.SocketIo.Parser.csproj", "{AE1FFCBA-D326-443D-BFAF-55540CE02F4E}"
EndProject
Project("{FAE04EC0-301F-11D3-BF4B-00C04F79EFBC}") = "SharpSocketIO.SocketIo.Parser.Tests", "tests\SharpSocketIO.SocketIo.Parser.Tests\SharpSocketIO.SocketIo.Parser.Tests.csproj", "{A7BDCB4D-F58E-4036-A939-DA1B9A27232F}"
EndProject
Project("{FAE04EC0-301F-11D3-BF4B-00C04F79EFBC}") = "SharpSocketIO.EngineIo", "src\SharpSocketIO.EngineIo\SharpSocketIO.EngineIo.csproj", "{00C388A9-F160-4076-8261-07890D53F554}"
EndProject
Project("{FAE04EC0-301F-11D3-BF4B-00C04F79EFBC}") = "SharpSocketIO.EngineIo.Tests", "tests\SharpSocketIO.EngineIo.Tests\SharpSocketIO.EngineIo.Tests.csproj", "{642AAF73-4F50-4C1A-9912-23FD570F9A52}"
EndProject
Project("{FAE04EC0-301F-11D3-BF4B-00C04F79EFBC}") = "SharpSocketIO.EngineIo.Client", "src\SharpSocketIO.EngineIo.Client\SharpSocketIO.EngineIo.Client.csproj", "{A3FDB25A-EE1D-431C-BEDA-437F91BE66B0}"
EndProject
Project("{FAE04EC0-301F-11D3-BF4B-00C04F79EFBC}") = "SharpSocketIO.EngineIo.Client.Tests", "tests\SharpSocketIO.EngineIo.Client.Tests\SharpSocketIO.EngineIo.Client.Tests.csproj", "{E7F64551-D4AE-420E-85C6-D94EA166305A}"
EndProject
Project("{FAE04EC0-301F-11D3-BF4B-00C04F79EFBC}") = "SharpSocketIO.SocketIo.Adapter", "src\SharpSocketIO.SocketIo.Adapter\SharpSocketIO.SocketIo.Adapter.csproj", "{45E6D324-C40C-440F-9F37-824B40F9FAB9}"
EndProject
Project("{FAE04EC0-301F-11D3-BF4B-00C04F79EFBC}") = "SharpSocketIO.SocketIo.Adapter.Tests", "tests\SharpSocketIO.SocketIo.Adapter.Tests\SharpSocketIO.SocketIo.Adapter.Tests.csproj", "{DD30BA38-FE1E-4DE2-B5FD-92F3406F075B}"
EndProject
Project("{FAE04EC0-301F-11D3-BF4B-00C04F79EFBC}") = "SharpSocketIO.SocketIo", "src\SharpSocketIO.SocketIo\SharpSocketIO.SocketIo.csproj", "{E2992F2F-04E0-4286-98A7-391A1A080A64}"
EndProject
Project("{FAE04EC0-301F-11D3-BF4B-00C04F79EFBC}") = "SharpSocketIO.SocketIo.Tests", "tests\SharpSocketIO.SocketIo.Tests\SharpSocketIO.SocketIo.Tests.csproj", "{C91AAF57-885B-4566-993A-29F7C897F1C4}"
EndProject
Project("{FAE04EC0-301F-11D3-BF4B-00C04F79EFBC}") = "SharpSocketIO.SocketIo.Client", "src\SharpSocketIO.SocketIo.Client\SharpSocketIO.SocketIo.Client.csproj", "{DFC9AAB9-5EAF-4A07-B93E-8C19925FF698}"
EndProject
Project("{FAE04EC0-301F-11D3-BF4B-00C04F79EFBC}") = "SharpSocketIO.SocketIo.Client.Tests", "tests\SharpSocketIO.SocketIo.Client.Tests\SharpSocketIO.SocketIo.Client.Tests.csproj", "{A88EF7D3-528C-4C1B-B56C-CC3CDD2D8CB1}"
EndProject
Project("{FAE04EC0-301F-11D3-BF4B-00C04F79EFBC}") = "SharpSocketIO.ClusterAdapter", "src\SharpSocketIO.ClusterAdapter\SharpSocketIO.ClusterAdapter.csproj", "{276A711D-397A-4259-BB66-9FC212DB9816}"
EndProject
Project("{FAE04EC0-301F-11D3-BF4B-00C04F79EFBC}") = "SharpSocketIO.ClusterAdapter.Tests", "tests\SharpSocketIO.ClusterAdapter.Tests\SharpSocketIO.ClusterAdapter.Tests.csproj", "{423D51AA-4189-43D9-B226-E0C007D69172}"
EndProject
Project("{FAE04EC0-301F-11D3-BF4B-00C04F79EFBC}") = "SharpSocketIO.ClusterEngine", "src\SharpSocketIO.ClusterEngine\SharpSocketIO.ClusterEngine.csproj", "{F7045060-85D2-415D-8164-D50037CB9574}"
EndProject
Project("{FAE04EC0-301F-11D3-BF4B-00C04F79EFBC}") = "SharpSocketIO.ClusterEngine.Tests", "tests\SharpSocketIO.ClusterEngine.Tests\SharpSocketIO.ClusterEngine.Tests.csproj", "{7BE4324B-7FF6-41D4-9EF6-D46F8B43464A}"
EndProject
Project("{FAE04EC0-301F-11D3-BF4B-00C04F79EFBC}") = "SharpSocketIO.PostgresEmitter", "src\SharpSocketIO.PostgresEmitter\SharpSocketIO.PostgresEmitter.csproj", "{693E1E86-0411-4D6C-9541-AAECF03D59AB}"
EndProject
Project("{2150E333-8FDC-42A3-9474-1A3956D46DE8}") = "SharpSocketIO.PostgresEmitter.Tests", "SharpSocketIO.PostgresEmitter.Tests", "{03ABD527-684D-F22C-CFB5-17DB00E28F3F}"
EndProject
Project("{FAE04EC0-301F-11D3-BF4B-00C04F79EFBC}") = "SharpSocketIO.PostgresEmitter", "tests\SharpSocketIO.PostgresEmitter.Tests\SharpSocketIO.PostgresEmitter.csproj", "{DEA2127F-0802-4F85-A96E-0A2DC4DB42E7}"
EndProject
Project("{FAE04EC0-301F-11D3-BF4B-00C04F79EFBC}") = "SharpSocketIO.RedisStreamsEmitter", "src\SharpSocketIO.RedisStreamsEmitter\SharpSocketIO.RedisStreamsEmitter.csproj", "{D269B614-1066-4A04-85EE-E4A3CC3D4C20}"
EndProject
Project("{FAE04EC0-301F-11D3-BF4B-00C04F79EFBC}") = "SharpSocketIO.RedisStreamsEmitter.Tests", "tests\SharpSocketIO.RedisStreamsEmitter.Tests\SharpSocketIO.RedisStreamsEmitter.Tests.csproj", "{768EB749-879F-423D-ABBA-352291CCFEB6}"
EndProject
Global
	GlobalSection(SolutionConfigurationPlatforms) = preSolution
		Debug|Any CPU = Debug|Any CPU
		Debug|x64 = Debug|x64
		Debug|x86 = Debug|x86
		Release|Any CPU = Release|Any CPU
		Release|x64 = Release|x64
		Release|x86 = Release|x86
	EndGlobalSection
	GlobalSection(ProjectConfigurationPlatforms) = postSolution
		{365F8D48-0E41-40A9-9569-A81FDCAB8182}.Debug|Any CPU.ActiveCfg = Debug|Any CPU
		{365F8D48-0E41-40A9-9569-A81FDCAB8182}.Debug|Any CPU.Build.0 = Debug|Any CPU
		{365F8D48-0E41-40A9-9569-A81FDCAB8182}.Debug|x64.ActiveCfg = Debug|Any CPU
		{365F8D48-0E41-40A9-9569-A81FDCAB8182}.Debug|x64.Build.0 = Debug|Any CPU
		{365F8D48-0E41-40A9-9569-A81FDCAB8182}.Debug|x86.ActiveCfg = Debug|Any CPU
		{365F8D48-0E41-40A9-9569-A81FDCAB8182}.Debug|x86.Build.0 = Debug|Any CPU
		{365F8D48-0E41-40A9-9569-A81FDCAB8182}.Release|Any CPU.ActiveCfg = Release|Any CPU
		{365F8D48-0E41-40A9-9569-A81FDCAB8182}.Release|Any CPU.Build.0 = Release|Any CPU
		{365F8D48-0E41-40A9-9569-A81FDCAB8182}.Release|x64.ActiveCfg = Release|Any CPU
		{365F8D48-0E41-40A9-9569-A81FDCAB8182}.Release|x64.Build.0 = Release|Any CPU
		{365F8D48-0E41-40A9-9569-A81FDCAB8182}.Release|x86.ActiveCfg = Release|Any CPU
		{365F8D48-0E41-40A9-9569-A81FDCAB8182}.Release|x86.Build.0 = Release|Any CPU
		{53880B98-E02B-4496-88BE-CE2856B0B039}.Debug|Any CPU.ActiveCfg = Debug|Any CPU
		{53880B98-E02B-4496-88BE-CE2856B0B039}.Debug|Any CPU.Build.0 = Debug|Any CPU
		{53880B98-E02B-4496-88BE-CE2856B0B039}.Debug|x64.ActiveCfg = Debug|Any CPU
		{53880B98-E02B-4496-88BE-CE2856B0B039}.Debug|x64.Build.0 = Debug|Any CPU
		{53880B98-E02B-4496-88BE-CE2856B0B039}.Debug|x86.ActiveCfg = Debug|Any CPU
		{53880B98-E02B-4496-88BE-CE2856B0B039}.Debug|x86.Build.0 = Debug|Any CPU
		{53880B98-E02B-4496-88BE-CE2856B0B039}.Release|Any CPU.ActiveCfg = Release|Any CPU
		{53880B98-E02B-4496-88BE-CE2856B0B039}.Release|Any CPU.Build.0 = Release|Any CPU
		{53880B98-E02B-4496-88BE-CE2856B0B039}.Release|x64.ActiveCfg = Release|Any CPU
		{53880B98-E02B-4496-88BE-CE2856B0B039}.Release|x64.Build.0 = Release|Any CPU
		{53880B98-E02B-4496-88BE-CE2856B0B039}.Release|x86.ActiveCfg = Release|Any CPU
		{53880B98-E02B-4496-88BE-CE2856B0B039}.Release|x86.Build.0 = Release|Any CPU
		{9E649B37-30E8-4942-856B-06AC1F5B9E85}.Debug|Any CPU.ActiveCfg = Debug|Any CPU
		{9E649B37-30E8-4942-856B-06AC1F5B9E85}.Debug|Any CPU.Build.0 = Debug|Any CPU
		{9E649B37-30E8-4942-856B-06AC1F5B9E85}.Debug|x64.ActiveCfg = Debug|Any CPU
		{9E649B37-30E8-4942-856B-06AC1F5B9E85}.Debug|x64.Build.0 = Debug|Any CPU
		{9E649B37-30E8-4942-856B-06AC1F5B9E85}.Debug|x86.ActiveCfg = Debug|Any CPU
		{9E649B37-30E8-4942-856B-06AC1F5B9E85}.Debug|x86.Build.0 = Debug|Any CPU
		{9E649B37-30E8-4942-856B-06AC1F5B9E85}.Release|Any CPU.ActiveCfg = Release|Any CPU
		{9E649B37-30E8-4942-856B-06AC1F5B9E85}.Release|Any CPU.Build.0 = Release|Any CPU
		{9E649B37-30E8-4942-856B-06AC1F5B9E85}.Release|x64.ActiveCfg = Release|Any CPU
		{9E649B37-30E8-4942-856B-06AC1F5B9E85}.Release|x64.Build.0 = Release|Any CPU
		{9E649B37-30E8-4942-856B-06AC1F5B9E85}.Release|x86.ActiveCfg = Release|Any CPU
		{9E649B37-30E8-4942-856B-06AC1F5B9E85}.Release|x86.Build.0 = Release|Any CPU
		{1FE95A37-58D9-485B-8018-6B991B15A1E4}.Debug|Any CPU.ActiveCfg = Debug|Any CPU
		{1FE95A37-58D9-485B-8018-6B991B15A1E4}.Debug|Any CPU.Build.0 = Debug|Any CPU
		{1FE95A37-58D9-485B-8018-6B991B15A1E4}.Debug|x64.ActiveCfg = Debug|Any CPU
		{1FE95A37-58D9-485B-8018-6B991B15A1E4}.Debug|x64.Build.0 = Debug|Any CPU
		{1FE95A37-58D9-485B-8018-6B991B15A1E4}.Debug|x86.ActiveCfg = Debug|Any CPU
		{1FE95A37-58D9-485B-8018-6B991B15A1E4}.Debug|x86.Build.0 = Debug|Any CPU
		{1FE95A37-58D9-485B-8018-6B991B15A1E4}.Release|Any CPU.ActiveCfg = Release|Any CPU
		{1FE95A37-58D9-485B-8018-6B991B15A1E4}.Release|Any CPU.Build.0 = Release|Any CPU
		{1FE95A37-58D9-485B-8018-6B991B15A1E4}.Release|x64.ActiveCfg = Release|Any CPU
		{1FE95A37-58D9-485B-8018-6B991B15A1E4}.Release|x64.Build.0 = Release|Any CPU
		{1FE95A37-58D9-485B-8018-6B991B15A1E4}.Release|x86.ActiveCfg = Release|Any CPU
		{1FE95A37-58D9-485B-8018-6B991B15A1E4}.Release|x86.Build.0 = Release|Any CPU
		{AE1FFCBA-D326-443D-BFAF-55540CE02F4E}.Debug|Any CPU.ActiveCfg = Debug|Any CPU
		{AE1FFCBA-D326-443D-BFAF-55540CE02F4E}.Debug|Any CPU.Build.0 = Debug|Any CPU
		{AE1FFCBA-D326-443D-BFAF-55540CE02F4E}.Debug|x64.ActiveCfg = Debug|Any CPU
		{AE1FFCBA-D326-443D-BFAF-55540CE02F4E}.Debug|x64.Build.0 = Debug|Any CPU
		{AE1FFCBA-D326-443D-BFAF-55540CE02F4E}.Debug|x86.ActiveCfg = Debug|Any CPU
		{AE1FFCBA-D326-443D-BFAF-55540CE02F4E}.Debug|x86.Build.0 = Debug|Any CPU
		{AE1FFCBA-D326-443D-BFAF-55540CE02F4E}.Release|Any CPU.ActiveCfg = Release|Any CPU
		{AE1FFCBA-D326-443D-BFAF-55540CE02F4E}.Release|Any CPU.Build.0 = Release|Any CPU
		{AE1FFCBA-D326-443D-BFAF-55540CE02F4E}.Release|x64.ActiveCfg = Release|Any CPU
		{AE1FFCBA-D326-443D-BFAF-55540CE02F4E}.Release|x64.Build.0 = Release|Any CPU
		{AE1FFCBA-D326-443D-BFAF-55540CE02F4E}.Release|x86.ActiveCfg = Release|Any CPU
		{AE1FFCBA-D326-443D-BFAF-55540CE02F4E}.Release|x86.Build.0 = Release|Any CPU
		{A7BDCB4D-F58E-4036-A939-DA1B9A27232F}.Debug|Any CPU.ActiveCfg = Debug|Any CPU
		{A7BDCB4D-F58E-4036-A939-DA1B9A27232F}.Debug|Any CPU.Build.0 = Debug|Any CPU
		{A7BDCB4D-F58E-4036-A939-DA1B9A27232F}.Debug|x64.ActiveCfg = Debug|Any CPU
		{A7BDCB4D-F58E-4036-A939-DA1B9A27232F}.Debug|x64.Build.0 = Debug|Any CPU
		{A7BDCB4D-F58E-4036-A939-DA1B9A27232F}.Debug|x86.ActiveCfg = Debug|Any CPU
		{A7BDCB4D-F58E-4036-A939-DA1B9A27232F}.Debug|x86.Build.0 = Debug|Any CPU
		{A7BDCB4D-F58E-4036-A939-DA1B9A27232F}.Release|Any CPU.ActiveCfg = Release|Any CPU
		{A7BDCB4D-F58E-4036-A939-DA1B9A27232F}.Release|Any CPU.Build.0 = Release|Any CPU
		{A7BDCB4D-F58E-4036-A939-DA1B9A27232F}.Release|x64.ActiveCfg = Release|Any CPU
		{A7BDCB4D-F58E-4036-A939-DA1B9A27232F}.Release|x64.Build.0 = Release|Any CPU
		{A7BDCB4D-F58E-4036-A939-DA1B9A27232F}.Release|x86.ActiveCfg = Release|Any CPU
		{A7BDCB4D-F58E-4036-A939-DA1B9A27232F}.Release|x86.Build.0 = Release|Any CPU
		{00C388A9-F160-4076-8261-07890D53F554}.Debug|Any CPU.ActiveCfg = Debug|Any CPU
		{00C388A9-F160-4076-8261-07890D53F554}.Debug|Any CPU.Build.0 = Debug|Any CPU
		{00C388A9-F160-4076-8261-07890D53F554}.Debug|x64.ActiveCfg = Debug|Any CPU
		{00C388A9-F160-4076-8261-07890D53F554}.Debug|x64.Build.0 = Debug|Any CPU
		{00C388A9-F160-4076-8261-07890D53F554}.Debug|x86.ActiveCfg = Debug|Any CPU
		{00C388A9-F160-4076-8261-07890D53F554}.Debug|x86.Build.0 = Debug|Any CPU
		{00C388A9-F160-4076-8261-07890D53F554}.Release|Any CPU.ActiveCfg = Release|Any CPU
		{00C388A9-F160-4076-8261-07890D53F554}.Release|Any CPU.Build.0 = Release|Any CPU
		{00C388A9-F160-4076-8261-07890D53F554}.Release|x64.ActiveCfg = Release|Any CPU
		{00C388A9-F160-4076-8261-07890D53F554}.Release|x64.Build.0 = Release|Any CPU
		{00C388A9-F160-4076-8261-07890D53F554}.Release|x86.ActiveCfg = Release|Any CPU
		{00C388A9-F160-4076-8261-07890D53F554}.Release|x86.Build.0 = Release|Any CPU
		{642AAF73-4F50-4C1A-9912-23FD570F9A52}.Debug|Any CPU.ActiveCfg = Debug|Any CPU
		{642AAF73-4F50-4C1A-9912-23FD570F9A52}.Debug|Any CPU.Build.0 = Debug|Any CPU
		{642AAF73-4F50-4C1A-9912-23FD570F9A52}.Debug|x64.ActiveCfg = Debug|Any CPU
		{642AAF73-4F50-4C1A-9912-23FD570F9A52}.Debug|x64.Build.0 = Debug|Any CPU
		{642AAF73-4F50-4C1A-9912-23FD570F9A52}.Debug|x86.ActiveCfg = Debug|Any CPU
		{642AAF73-4F50-4C1A-9912-23FD570F9A52}.Debug|x86.Build.0 = Debug|Any CPU
		{642AAF73-4F50-4C1A-9912-23FD570F9A52}.Release|Any CPU.ActiveCfg = Release|Any CPU
		{642AAF73-4F50-4C1A-9912-23FD570F9A52}.Release|Any CPU.Build.0 = Release|Any CPU
		{642AAF73-4F50-4C1A-9912-23FD570F9A52}.Release|x64.ActiveCfg = Release|Any CPU
		{642AAF73-4F50-4C1A-9912-23FD570F9A52}.Release|x64.Build.0 = Release|Any CPU
		{642AAF73-4F50-4C1A-9912-23FD570F9A52}.Release|x86.ActiveCfg = Release|Any CPU
		{642AAF73-4F50-4C1A-9912-23FD570F9A52}.Release|x86.Build.0 = Release|Any CPU
		{A3FDB25A-EE1D-431C-BEDA-437F91BE66B0}.Debug|Any CPU.ActiveCfg = Debug|Any CPU
		{A3FDB25A-EE1D-431C-BEDA-437F91BE66B0}.Debug|Any CPU.Build.0 = Debug|Any CPU
		{A3FDB25A-EE1D-431C-BEDA-437F91BE66B0}.Debug|x64.ActiveCfg = Debug|Any CPU
		{A3FDB25A-EE1D-431C-BEDA-437F91BE66B0}.Debug|x64.Build.0 = Debug|Any CPU
		{A3FDB25A-EE1D-431C-BEDA-437F91BE66B0}.Debug|x86.ActiveCfg = Debug|Any CPU
		{A3FDB25A-EE1D-431C-BEDA-437F91BE66B0}.Debug|x86.Build.0 = Debug|Any CPU
		{A3FDB25A-EE1D-431C-BEDA-437F91BE66B0}.Release|Any CPU.ActiveCfg = Release|Any CPU
		{A3FDB25A-EE1D-431C-BEDA-437F91BE66B0}.Release|Any CPU.Build.0 = Release|Any CPU
		{A3FDB25A-EE1D-431C-BEDA-437F91BE66B0}.Release|x64.ActiveCfg = Release|Any CPU
		{A3FDB25A-EE1D-431C-BEDA-437F91BE66B0}.Release|x64.Build.0 = Release|Any CPU
		{A3FDB25A-EE1D-431C-BEDA-437F91BE66B0}.Release|x86.ActiveCfg = Release|Any CPU
		{A3FDB25A-EE1D-431C-BEDA-437F91BE66B0}.Release|x86.Build.0 = Release|Any CPU
		{E7F64551-D4AE-420E-85C6-D94EA166305A}.Debug|Any CPU.ActiveCfg = Debug|Any CPU
		{E7F64551-D4AE-420E-85C6-D94EA166305A}.Debug|Any CPU.Build.0 = Debug|Any CPU
		{E7F64551-D4AE-420E-85C6-D94EA166305A}.Debug|x64.ActiveCfg = Debug|Any CPU
		{E7F64551-D4AE-420E-85C6-D94EA166305A}.Debug|x64.Build.0 = Debug|Any CPU
		{E7F64551-D4AE-420E-85C6-D94EA166305A}.Debug|x86.ActiveCfg = Debug|Any CPU
		{E7F64551-D4AE-420E-85C6-D94EA166305A}.Debug|x86.Build.0 = Debug|Any CPU
		{E7F64551-D4AE-420E-85C6-D94EA166305A}.Release|Any CPU.ActiveCfg = Release|Any CPU
		{E7F64551-D4AE-420E-85C6-D94EA166305A}.Release|Any CPU.Build.0 = Release|Any CPU
		{E7F64551-D4AE-420E-85C6-D94EA166305A}.Release|x64.ActiveCfg = Release|Any CPU
		{E7F64551-D4AE-420E-85C6-D94EA166305A}.Release|x64.Build.0 = Release|Any CPU
		{E7F64551-D4AE-420E-85C6-D94EA166305A}.Release|x86.ActiveCfg = Release|Any CPU
		{E7F64551-D4AE-420E-85C6-D94EA166305A}.Release|x86.Build.0 = Release|Any CPU
		{45E6D324-C40C-440F-9F37-824B40F9FAB9}.Debug|Any CPU.ActiveCfg = Debug|Any CPU
		{45E6D324-C40C-440F-9F37-824B40F9FAB9}.Debug|Any CPU.Build.0 = Debug|Any CPU
		{45E6D324-C40C-440F-9F37-824B40F9FAB9}.Debug|x64.ActiveCfg = Debug|Any CPU
		{45E6D324-C40C-440F-9F37-824B40F9FAB9}.Debug|x64.Build.0 = Debug|Any CPU
		{45E6D324-C40C-440F-9F37-824B40F9FAB9}.Debug|x86.ActiveCfg = Debug|Any CPU
		{45E6D324-C40C-440F-9F37-824B40F9FAB9}.Debug|x86.Build.0 = Debug|Any CPU
		{45E6D324-C40C-440F-9F37-824B40F9FAB9}.Release|Any CPU.ActiveCfg = Release|Any CPU
		{45E6D324-C40C-440F-9F37-824B40F9FAB9}.Release|Any CPU.Build.0 = Release|Any CPU
		{45E6D324-C40C-440F-9F37-824B40F9FAB9}.Release|x64.ActiveCfg = Release|Any CPU
		{45E6D324-C40C-440F-9F37-824B40F9FAB9}.Release|x64.Build.0 = Release|Any CPU
		{45E6D324-C40C-440F-9F37-824B40F9FAB9}.Release|x86.ActiveCfg = Release|Any CPU
		{45E6D324-C40C-440F-9F37-824B40F9FAB9}.Release|x86.Build.0 = Release|Any CPU
		{DD30BA38-FE1E-4DE2-B5FD-92F3406F075B}.Debug|Any CPU.ActiveCfg = Debug|Any CPU
		{DD30BA38-FE1E-4DE2-B5FD-92F3406F075B}.Debug|Any CPU.Build.0 = Debug|Any CPU
		{DD30BA38-FE1E-4DE2-B5FD-92F3406F075B}.Debug|x64.ActiveCfg = Debug|Any CPU
		{DD30BA38-FE1E-4DE2-B5FD-92F3406F075B}.Debug|x64.Build.0 = Debug|Any CPU
		{DD30BA38-FE1E-4DE2-B5FD-92F3406F075B}.Debug|x86.ActiveCfg = Debug|Any CPU
		{DD30BA38-FE1E-4DE2-B5FD-92F3406F075B}.Debug|x86.Build.0 = Debug|Any CPU
		{DD30BA38-FE1E-4DE2-B5FD-92F3406F075B}.Release|Any CPU.ActiveCfg = Release|Any CPU
		{DD30BA38-FE1E-4DE2-B5FD-92F3406F075B}.Release|Any CPU.Build.0 = Release|Any CPU
		{DD30BA38-FE1E-4DE2-B5FD-92F3406F075B}.Release|x64.ActiveCfg = Release|Any CPU
		{DD30BA38-FE1E-4DE2-B5FD-92F3406F075B}.Release|x64.Build.0 = Release|Any CPU
		{DD30BA38-FE1E-4DE2-B5FD-92F3406F075B}.Release|x86.ActiveCfg = Release|Any CPU
		{DD30BA38-FE1E-4DE2-B5FD-92F3406F075B}.Release|x86.Build.0 = Release|Any CPU
		{E2992F2F-04E0-4286-98A7-391A1A080A64}.Debug|Any CPU.ActiveCfg = Debug|Any CPU
		{E2992F2F-04E0-4286-98A7-391A1A080A64}.Debug|Any CPU.Build.0 = Debug|Any CPU
		{E2992F2F-04E0-4286-98A7-391A1A080A64}.Debug|x64.ActiveCfg = Debug|Any CPU
		{E2992F2F-04E0-4286-98A7-391A1A080A64}.Debug|x64.Build.0 = Debug|Any CPU
		{E2992F2F-04E0-4286-98A7-391A1A080A64}.Debug|x86.ActiveCfg = Debug|Any CPU
		{E2992F2F-04E0-4286-98A7-391A1A080A64}.Debug|x86.Build.0 = Debug|Any CPU
		{E2992F2F-04E0-4286-98A7-391A1A080A64}.Release|Any CPU.ActiveCfg = Release|Any CPU
		{E2992F2F-04E0-4286-98A7-391A1A080A64}.Release|Any CPU.Build.0 = Release|Any CPU
		{E2992F2F-04E0-4286-98A7-391A1A080A64}.Release|x64.ActiveCfg = Release|Any CPU
		{E2992F2F-04E0-4286-98A7-391A1A080A64}.Release|x64.Build.0 = Release|Any CPU
		{E2992F2F-04E0-4286-98A7-391A1A080A64}.Release|x86.ActiveCfg = Release|Any CPU
		{E2992F2F-04E0-4286-98A7-391A1A080A64}.Release|x86.Build.0 = Release|Any CPU
		{C91AAF57-885B-4566-993A-29F7C897F1C4}.Debug|Any CPU.ActiveCfg = Debug|Any CPU
		{C91AAF57-885B-4566-993A-29F7C897F1C4}.Debug|Any CPU.Build.0 = Debug|Any CPU
		{C91AAF57-885B-4566-993A-29F7C897F1C4}.Debug|x64.ActiveCfg = Debug|Any CPU
		{C91AAF57-885B-4566-993A-29F7C897F1C4}.Debug|x64.Build.0 = Debug|Any CPU
		{C91AAF57-885B-4566-993A-29F7C897F1C4}.Debug|x86.ActiveCfg = Debug|Any CPU
		{C91AAF57-885B-4566-993A-29F7C897F1C4}.Debug|x86.Build.0 = Debug|Any CPU
		{C91AAF57-885B-4566-993A-29F7C897F1C4}.Release|Any CPU.ActiveCfg = Release|Any CPU
		{C91AAF57-885B-4566-993A-29F7C897F1C4}.Release|Any CPU.Build.0 = Release|Any CPU
		{C91AAF57-885B-4566-993A-29F7C897F1C4}.Release|x64.ActiveCfg = Release|Any CPU
		{C91AAF57-885B-4566-993A-29F7C897F1C4}.Release|x64.Build.0 = Release|Any CPU
		{C91AAF57-885B-4566-993A-29F7C897F1C4}.Release|x86.ActiveCfg = Release|Any CPU
		{C91AAF57-885B-4566-993A-29F7C897F1C4}.Release|x86.Build.0 = Release|Any CPU
		{DFC9AAB9-5EAF-4A07-B93E-8C19925FF698}.Debug|Any CPU.ActiveCfg = Debug|Any CPU
		{DFC9AAB9-5EAF-4A07-B93E-8C19925FF698}.Debug|Any CPU.Build.0 = Debug|Any CPU
		{DFC9AAB9-5EAF-4A07-B93E-8C19925FF698}.Debug|x64.ActiveCfg = Debug|Any CPU
		{DFC9AAB9-5EAF-4A07-B93E-8C19925FF698}.Debug|x64.Build.0 = Debug|Any CPU
		{DFC9AAB9-5EAF-4A07-B93E-8C19925FF698}.Debug|x86.ActiveCfg = Debug|Any CPU
		{DFC9AAB9-5EAF-4A07-B93E-8C19925FF698}.Debug|x86.Build.0 = Debug|Any CPU
		{DFC9AAB9-5EAF-4A07-B93E-8C19925FF698}.Release|Any CPU.ActiveCfg = Release|Any CPU
		{DFC9AAB9-5EAF-4A07-B93E-8C19925FF698}.Release|Any CPU.Build.0 = Release|Any CPU
		{DFC9AAB9-5EAF-4A07-B93E-8C19925FF698}.Release|x64.ActiveCfg = Release|Any CPU
		{DFC9AAB9-5EAF-4A07-B93E-8C19925FF698}.Release|x64.Build.0 = Release|Any CPU
		{DFC9AAB9-5EAF-4A07-B93E-8C19925FF698}.Release|x86.ActiveCfg = Release|Any CPU
		{DFC9AAB9-5EAF-4A07-B93E-8C19925FF698}.Release|x86.Build.0 = Release|Any CPU
		{A88EF7D3-528C-4C1B-B56C-CC3CDD2D8CB1}.Debug|Any CPU.ActiveCfg = Debug|Any CPU
		{A88EF7D3-528C-4C1B-B56C-CC3CDD2D8CB1}.Debug|Any CPU.Build.0 = Debug|Any CPU
		{A88EF7D3-528C-4C1B-B56C-CC3CDD2D8CB1}.Debug|x64.ActiveCfg = Debug|Any CPU
		{A88EF7D3-528C-4C1B-B56C-CC3CDD2D8CB1}.Debug|x64.Build.0 = Debug|Any CPU
		{A88EF7D3-528C-4C1B-B56C-CC3CDD2D8CB1}.Debug|x86.ActiveCfg = Debug|Any CPU
		{A88EF7D3-528C-4C1B-B56C-CC3CDD2D8CB1}.Debug|x86.Build.0 = Debug|Any CPU
		{A88EF7D3-528C-4C1B-B56C-CC3CDD2D8CB1}.Release|Any CPU.ActiveCfg = Release|Any CPU
		{A88EF7D3-528C-4C1B-B56C-CC3CDD2D8CB1}.Release|Any CPU.Build.0 = Release|Any CPU
		{A88EF7D3-528C-4C1B-B56C-CC3CDD2D8CB1}.Release|x64.ActiveCfg = Release|Any CPU
		{A88EF7D3-528C-4C1B-B56C-CC3CDD2D8CB1}.Release|x64.Build.0 = Release|Any CPU
		{A88EF7D3-528C-4C1B-B56C-CC3CDD2D8CB1}.Release|x86.ActiveCfg = Release|Any CPU
		{A88EF7D3-528C-4C1B-B56C-CC3CDD2D8CB1}.Release|x86.Build.0 = Release|Any CPU
		{276A711D-397A-4259-BB66-9FC212DB9816}.Debug|Any CPU.ActiveCfg = Debug|Any CPU
		{276A711D-397A-4259-BB66-9FC212DB9816}.Debug|Any CPU.Build.0 = Debug|Any CPU
		{276A711D-397A-4259-BB66-9FC212DB9816}.Debug|x64.ActiveCfg = Debug|Any CPU
		{276A711D-397A-4259-BB66-9FC212DB9816}.Debug|x64.Build.0 = Debug|Any CPU
		{276A711D-397A-4259-BB66-9FC212DB9816}.Debug|x86.ActiveCfg = Debug|Any CPU
		{276A711D-397A-4259-BB66-9FC212DB9816}.Debug|x86.Build.0 = Debug|Any CPU
		{276A711D-397A-4259-BB66-9FC212DB9816}.Release|Any CPU.ActiveCfg = Release|Any CPU
		{276A711D-397A-4259-BB66-9FC212DB9816}.Release|Any CPU.Build.0 = Release|Any CPU
		{276A711D-397A-4259-BB66-9FC212DB9816}.Release|x64.ActiveCfg = Release|Any CPU
		{276A711D-397A-4259-BB66-9FC212DB9816}.Release|x64.Build.0 = Release|Any CPU
		{276A711D-397A-4259-BB66-9FC212DB9816}.Release|x86.ActiveCfg = Release|Any CPU
		{276A711D-397A-4259-BB66-9FC212DB9816}.Release|x86.Build.0 = Release|Any CPU
		{423D51AA-4189-43D9-B226-E0C007D69172}.Debug|Any CPU.ActiveCfg = Debug|Any CPU
		{423D51AA-4189-43D9-B226-E0C007D69172}.Debug|Any CPU.Build.0 = Debug|Any CPU
		{423D51AA-4189-43D9-B226-E0C007D69172}.Debug|x64.ActiveCfg = Debug|Any CPU
		{423D51AA-4189-43D9-B226-E0C007D69172}.Debug|x64.Build.0 = Debug|Any CPU
		{423D51AA-4189-43D9-B226-E0C007D69172}.Debug|x86.ActiveCfg = Debug|Any CPU
		{423D51AA-4189-43D9-B226-E0C007D69172}.Debug|x86.Build.0 = Debug|Any CPU
		{423D51AA-4189-43D9-B226-E0C007D69172}.Release|Any CPU.ActiveCfg = Release|Any CPU
		{423D51AA-4189-43D9-B226-E0C007D69172}.Release|Any CPU.Build.0 = Release|Any CPU
		{423D51AA-4189-43D9-B226-E0C007D69172}.Release|x64.ActiveCfg = Release|Any CPU
		{423D51AA-4189-43D9-B226-E0C007D69172}.Release|x64.Build.0 = Release|Any CPU
		{423D51AA-4189-43D9-B226-E0C007D69172}.Release|x86.ActiveCfg = Release|Any CPU
		{423D51AA-4189-43D9-B226-E0C007D69172}.Release|x86.Build.0 = Release|Any CPU
		{F7045060-85D2-415D-8164-D50037CB9574}.Debug|Any CPU.ActiveCfg = Debug|Any CPU
		{F7045060-85D2-415D-8164-D50037CB9574}.Debug|Any CPU.Build.0 = Debug|Any CPU
		{F7045060-85D2-415D-8164-D50037CB9574}.Debug|x64.ActiveCfg = Debug|Any CPU
		{F7045060-85D2-415D-8164-D50037CB9574}.Debug|x64.Build.0 = Debug|Any CPU
		{F7045060-85D2-415D-8164-D50037CB9574}.Debug|x86.ActiveCfg = Debug|Any CPU
		{F7045060-85D2-415D-8164-D50037CB9574}.Debug|x86.Build.0 = Debug|Any CPU
		{F7045060-85D2-415D-8164-D50037CB9574}.Release|Any CPU.ActiveCfg = Release|Any CPU
		{F7045060-85D2-415D-8164-D50037CB9574}.Release|Any CPU.Build.0 = Release|Any CPU
		{F7045060-85D2-415D-8164-D50037CB9574}.Release|x64.ActiveCfg = Release|Any CPU
		{F7045060-85D2-415D-8164-D50037CB9574}.Release|x64.Build.0 = Release|Any CPU
		{F7045060-85D2-415D-8164-D50037CB9574}.Release|x86.ActiveCfg = Release|Any CPU
		{F7045060-85D2-415D-8164-D50037CB9574}.Release|x86.Build.0 = Release|Any CPU
		{7BE4324B-7FF6-41D4-9EF6-D46F8B43464A}.Debug|Any CPU.ActiveCfg = Debug|Any CPU
		{7BE4324B-7FF6-41D4-9EF6-D46F8B43464A}.Debug|Any CPU.Build.0 = Debug|Any CPU
		{7BE4324B-7FF6-41D4-9EF6-D46F8B43464A}.Debug|x64.ActiveCfg = Debug|Any CPU
		{7BE4324B-7FF6-41D4-9EF6-D46F8B43464A}.Debug|x64.Build.0 = Debug|Any CPU
		{7BE4324B-7FF6-41D4-9EF6-D46F8B43464A}.Debug|x86.ActiveCfg = Debug|Any CPU
		{7BE4324B-7FF6-41D4-9EF6-D46F8B43464A}.Debug|x86.Build.0 = Debug|Any CPU
		{7BE4324B-7FF6-41D4-9EF6-D46F8B43464A}.Release|Any CPU.ActiveCfg = Release|Any CPU
		{7BE4324B-7FF6-41D4-9EF6-D46F8B43464A}.Release|Any CPU.Build.0 = Release|Any CPU
		{7BE4324B-7FF6-41D4-9EF6-D46F8B43464A}.Release|x64.ActiveCfg = Release|Any CPU
		{7BE4324B-7FF6-41D4-9EF6-D46F8B43464A}.Release|x64.Build.0 = Release|Any CPU
		{7BE4324B-7FF6-41D4-9EF6-D46F8B43464A}.Release|x86.ActiveCfg = Release|Any CPU
		{7BE4324B-7FF6-41D4-9EF6-D46F8B43464A}.Release|x86.Build.0 = Release|Any CPU
		{693E1E86-0411-4D6C-9541-AAECF03D59AB}.Debug|Any CPU.ActiveCfg = Debug|Any CPU
		{693E1E86-0411-4D6C-9541-AAECF03D59AB}.Debug|Any CPU.Build.0 = Debug|Any CPU
		{693E1E86-0411-4D6C-9541-AAECF03D59AB}.Debug|x64.ActiveCfg = Debug|Any CPU
		{693E1E86-0411-4D6C-9541-AAECF03D59AB}.Debug|x64.Build.0 = Debug|Any CPU
		{693E1E86-0411-4D6C-9541-AAECF03D59AB}.Debug|x86.ActiveCfg = Debug|Any CPU
		{693E1E86-0411-4D6C-9541-AAECF03D59AB}.Debug|x86.Build.0 = Debug|Any CPU
		{693E1E86-0411-4D6C-9541-AAECF03D59AB}.Release|Any CPU.ActiveCfg = Release|Any CPU
		{693E1E86-0411-4D6C-9541-AAECF03D59AB}.Release|Any CPU.Build.0 = Release|Any CPU
		{693E1E86-0411-4D6C-9541-AAECF03D59AB}.Release|x64.ActiveCfg = Release|Any CPU
		{693E1E86-0411-4D6C-9541-AAECF03D59AB}.Release|x64.Build.0 = Release|Any CPU
		{693E1E86-0411-4D6C-9541-AAECF03D59AB}.Release|x86.ActiveCfg = Release|Any CPU
		{693E1E86-0411-4D6C-9541-AAECF03D59AB}.Release|x86.Build.0 = Release|Any CPU
		{DEA2127F-0802-4F85-A96E-0A2DC4DB42E7}.Debug|Any CPU.ActiveCfg = Debug|Any CPU
		{DEA2127F-0802-4F85-A96E-0A2DC4DB42E7}.Debug|Any CPU.Build.0 = Debug|Any CPU
		{DEA2127F-0802-4F85-A96E-0A2DC4DB42E7}.Debug|x64.ActiveCfg = Debug|Any CPU
		{DEA2127F-0802-4F85-A96E-0A2DC4DB42E7}.Debug|x64.Build.0 = Debug|Any CPU
		{DEA2127F-0802-4F85-A96E-0A2DC4DB42E7}.Debug|x86.ActiveCfg = Debug|Any CPU
		{DEA2127F-0802-4F85-A96E-0A2DC4DB42E7}.Debug|x86.Build.0 = Debug|Any CPU
		{DEA2127F-0802-4F85-A96E-0A2DC4DB42E7}.Release|Any CPU.ActiveCfg = Release|Any CPU
		{DEA2127F-0802-4F85-A96E-0A2DC4DB42E7}.Release|Any CPU.Build.0 = Release|Any CPU
		{DEA2127F-0802-4F85-A96E-0A2DC4DB42E7}.Release|x64.ActiveCfg = Release|Any CPU
		{DEA2127F-0802-4F85-A96E-0A2DC4DB42E7}.Release|x64.Build.0 = Release|Any CPU
		{DEA2127F-0802-4F85-A96E-0A2DC4DB42E7}.Release|x86.ActiveCfg = Release|Any CPU
		{DEA2127F-0802-4F85-A96E-0A2DC4DB42E7}.Release|x86.Build.0 = Release|Any CPU
		{D269B614-1066-4A04-85EE-E4A3CC3D4C20}.Debug|Any CPU.ActiveCfg = Debug|Any CPU
		{D269B614-1066-4A04-85EE-E4A3CC3D4C20}.Debug|Any CPU.Build.0 = Debug|Any CPU
		{D269B614-1066-4A04-85EE-E4A3CC3D4C20}.Debug|x64.ActiveCfg = Debug|Any CPU
		{D269B614-1066-4A04-85EE-E4A3CC3D4C20}.Debug|x64.Build.0 = Debug|Any CPU
		{D269B614-1066-4A04-85EE-E4A3CC3D4C20}.Debug|x86.ActiveCfg = Debug|Any CPU
		{D269B614-1066-4A04-85EE-E4A3CC3D4C20}.Debug|x86.Build.0 = Debug|Any CPU
		{D269B614-1066-4A04-85EE-E4A3CC3D4C20}.Release|Any CPU.ActiveCfg = Release|Any CPU
		{D269B614-1066-4A04-85EE-E4A3CC3D4C20}.Release|Any CPU.Build.0 = Release|Any CPU
		{D269B614-1066-4A04-85EE-E4A3CC3D4C20}.Release|x64.ActiveCfg = Release|Any CPU
		{D269B614-1066-4A04-85EE-E4A3CC3D4C20}.Release|x64.Build.0 = Release|Any CPU
		{D269B614-1066-4A04-85EE-E4A3CC3D4C20}.Release|x86.ActiveCfg = Release|Any CPU
		{D269B614-1066-4A04-85EE-E4A3CC3D4C20}.Release|x86.Build.0 = Release|Any CPU
		{768EB749-879F-423D-ABBA-352291CCFEB6}.Debug|Any CPU.ActiveCfg = Debug|Any CPU
		{768EB749-879F-423D-ABBA-352291CCFEB6}.Debug|Any CPU.Build.0 = Debug|Any CPU
		{768EB749-879F-423D-ABBA-352291CCFEB6}.Debug|x64.ActiveCfg = Debug|Any CPU
		{768EB749-879F-423D-ABBA-352291CCFEB6}.Debug|x64.Build.0 = Debug|Any CPU
		{768EB749-879F-423D-ABBA-352291CCFEB6}.Debug|x86.ActiveCfg = Debug|Any CPU
		{768EB749-879F-423D-ABBA-352291CCFEB6}.Debug|x86.Build.0 = Debug|Any CPU
		{768EB749-879F-423D-ABBA-352291CCFEB6}.Release|Any CPU.ActiveCfg = Release|Any CPU
		{768EB749-879F-423D-ABBA-352291CCFEB6}.Release|Any CPU.Build.0 = Release|Any CPU
		{768EB749-879F-423D-ABBA-352291CCFEB6}.Release|x64.ActiveCfg = Release|Any CPU
		{768EB749-879F-423D-ABBA-352291CCFEB6}.Release|x64.Build.0 = Release|Any CPU
		{768EB749-879F-423D-ABBA-352291CCFEB6}.Release|x86.ActiveCfg = Release|Any CPU
		{768EB749-879F-423D-ABBA-352291CCFEB6}.Release|x86.Build.0 = Release|Any CPU
	EndGlobalSection
	GlobalSection(SolutionProperties) = preSolution
		HideSolutionNode = FALSE
	EndGlobalSection
	GlobalSection(NestedProjects) = preSolution
		{365F8D48-0E41-40A9-9569-A81FDCAB8182} = {827E0CD3-B72D-47B6-A68D-7590B98EB39B}
		{53880B98-E02B-4496-88BE-CE2856B0B039} = {0AB3BF05-4346-4AA6-1389-037BE0695223}
		{9E649B37-30E8-4942-856B-06AC1F5B9E85} = {827E0CD3-B72D-47B6-A68D-7590B98EB39B}
		{1FE95A37-58D9-485B-8018-6B991B15A1E4} = {0AB3BF05-4346-4AA6-1389-037BE0695223}
		{AE1FFCBA-D326-443D-BFAF-55540CE02F4E} = {827E0CD3-B72D-47B6-A68D-7590B98EB39B}
		{A7BDCB4D-F58E-4036-A939-DA1B9A27232F} = {0AB3BF05-4346-4AA6-1389-037BE0695223}
		{00C388A9-F160-4076-8261-07890D53F554} = {827E0CD3-B72D-47B6-A68D-7590B98EB39B}
		{642AAF73-4F50-4C1A-9912-23FD570F9A52} = {0AB3BF05-4346-4AA6-1389-037BE0695223}
		{A3FDB25A-EE1D-431C-BEDA-437F91BE66B0} = {827E0CD3-B72D-47B6-A68D-7590B98EB39B}
		{E7F64551-D4AE-420E-85C6-D94EA166305A} = {0AB3BF05-4346-4AA6-1389-037BE0695223}
		{45E6D324-C40C-440F-9F37-824B40F9FAB9} = {827E0CD3-B72D-47B6-A68D-7590B98EB39B}
		{DD30BA38-FE1E-4DE2-B5FD-92F3406F075B} = {0AB3BF05-4346-4AA6-1389-037BE0695223}
		{E2992F2F-04E0-4286-98A7-391A1A080A64} = {827E0CD3-B72D-47B6-A68D-7590B98EB39B}
		{C91AAF57-885B-4566-993A-29F7C897F1C4} = {0AB3BF05-4346-4AA6-1389-037BE0695223}
		{DFC9AAB9-5EAF-4A07-B93E-8C19925FF698} = {827E0CD3-B72D-47B6-A68D-7590B98EB39B}
		{A88EF7D3-528C-4C1B-B56C-CC3CDD2D8CB1} = {0AB3BF05-4346-4AA6-1389-037BE0695223}
		{276A711D-397A-4259-BB66-9FC212DB9816} = {827E0CD3-B72D-47B6-A68D-7590B98EB39B}
		{423D51AA-4189-43D9-B226-E0C007D69172} = {0AB3BF05-4346-4AA6-1389-037BE0695223}
		{F7045060-85D2-415D-8164-D50037CB9574} = {827E0CD3-B72D-47B6-A68D-7590B98EB39B}
		{7BE4324B-7FF6-41D4-9EF6-D46F8B43464A} = {0AB3BF05-4346-4AA6-1389-037BE0695223}
		{693E1E86-0411-4D6C-9541-AAECF03D59AB} = {827E0CD3-B72D-47B6-A68D-7590B98EB39B}
		{03ABD527-684D-F22C-CFB5-17DB00E28F3F} = {0AB3BF05-4346-4AA6-1389-037BE0695223}
		{DEA2127F-0802-4F85-A96E-0A2DC4DB42E7} = {03ABD527-684D-F22C-CFB5-17DB00E28F3F}
		{D269B614-1066-4A04-85EE-E4A3CC3D4C20} = {827E0CD3-B72D-47B6-A68D-7590B98EB39B}
		{768EB749-879F-423D-ABBA-352291CCFEB6} = {0AB3BF05-4346-4AA6-1389-037BE0695223}
	EndGlobalSection
EndGlobal
